// !$*UTF8*$!
{
	archiveVersion = 1;
	classes = {
	};
	objectVersion = 46;
	objects = {

/* Begin PBXBuildFile section */
		284815F4172DB1F900760128 /* RightToLeftSegue.m in Sources */ = {isa = PBXBuildFile; fileRef = 284815F3172DB1F900760128 /* RightToLeftSegue.m */; };
		284815F6172DB58700760128 /* QuartzCore.framework in Frameworks */ = {isa = PBXBuildFile; fileRef = 284815F5172DB58700760128 /* QuartzCore.framework */; };
		284815F9172DB5FF00760128 /* LeftToRightSegue.m in Sources */ = {isa = PBXBuildFile; fileRef = 284815F8172DB5FF00760128 /* LeftToRightSegue.m */; };
		284815FC172DC7FC00760128 /* Package.m in Sources */ = {isa = PBXBuildFile; fileRef = 284815FB172DC7FC00760128 /* Package.m */; };
		287AF0901735B87B009C0A46 /* CakeViewController.m in Sources */ = {isa = PBXBuildFile; fileRef = 287AF08F1735B87B009C0A46 /* CakeViewController.m */; };
		287AF0931735FD7C009C0A46 /* AboutViewController.m in Sources */ = {isa = PBXBuildFile; fileRef = 287AF0921735FD7B009C0A46 /* AboutViewController.m */; };
		28EFE1E41739E95600198933 /* Icon.png in Resources */ = {isa = PBXBuildFile; fileRef = 28EFE1E31739E95600198933 /* Icon.png */; };
		28FC6799172C34F8005332D0 /* customword.txt in Resources */ = {isa = PBXBuildFile; fileRef = 28FC678C172C34F8005332D0 /* customword.txt */; };
		28FC679A172C34F8005332D0 /* financedefinitions.txt in Resources */ = {isa = PBXBuildFile; fileRef = 28FC678D172C34F8005332D0 /* financedefinitions.txt */; };
		28FC679B172C34F8005332D0 /* financewords.txt in Resources */ = {isa = PBXBuildFile; fileRef = 28FC678E172C34F8005332D0 /* financewords.txt */; };
		28FC679C172C34F8005332D0 /* hardwords.txt in Resources */ = {isa = PBXBuildFile; fileRef = 28FC678F172C34F8005332D0 /* hardwords.txt */; };
		28FC679D172C34F8005332D0 /* state0.png in Resources */ = {isa = PBXBuildFile; fileRef = 28FC6790172C34F8005332D0 /* state0.png */; };
		28FC679E172C34F8005332D0 /* state1.png in Resources */ = {isa = PBXBuildFile; fileRef = 28FC6791172C34F8005332D0 /* state1.png */; };
		28FC679F172C34F8005332D0 /* state2.png in Resources */ = {isa = PBXBuildFile; fileRef = 28FC6792172C34F8005332D0 /* state2.png */; };
		28FC67A0172C34F8005332D0 /* state3.png in Resources */ = {isa = PBXBuildFile; fileRef = 28FC6793172C34F8005332D0 /* state3.png */; };
		28FC67A1172C34F8005332D0 /* state4.png in Resources */ = {isa = PBXBuildFile; fileRef = 28FC6794172C34F8005332D0 /* state4.png */; };
		28FC67A2172C34F8005332D0 /* state5.png in Resources */ = {isa = PBXBuildFile; fileRef = 28FC6795172C34F8005332D0 /* state5.png */; };
		28FC67A3172C34F8005332D0 /* state6.png in Resources */ = {isa = PBXBuildFile; fileRef = 28FC6796172C34F8005332D0 /* state6.png */; };
		28FC67A4172C34F8005332D0 /* state7.png in Resources */ = {isa = PBXBuildFile; fileRef = 28FC6797172C34F8005332D0 /* state7.png */; };
		28FC67A5172C34F8005332D0 /* words.txt in Resources */ = {isa = PBXBuildFile; fileRef = 28FC6798172C34F8005332D0 /* words.txt */; };
		28FC67A8172C3711005332D0 /* DefinitionViewController.m in Sources */ = {isa = PBXBuildFile; fileRef = 28FC67A7172C3711005332D0 /* DefinitionViewController.m */; };
		28FC67AB172C3ED2005332D0 /* SettingsViewController.m in Sources */ = {isa = PBXBuildFile; fileRef = 28FC67AA172C3ED2005332D0 /* SettingsViewController.m */; };
		E2035CC41738269200BF7CC4 /* edge.png in Resources */ = {isa = PBXBuildFile; fileRef = E2035CC31738269200BF7CC4 /* edge.png */; };
		E28CF68017345B5D00646F0B /* SecretStockViewController.m in Sources */ = {isa = PBXBuildFile; fileRef = E28CF67F17345B5D00646F0B /* SecretStockViewController.m */; };
		E28CF68317345BE300646F0B /* TopToBottomSegue.m in Sources */ = {isa = PBXBuildFile; fileRef = E28CF68217345BE300646F0B /* TopToBottomSegue.m */; };
		E28CF68617345BEB00646F0B /* BottomToTopSegue.m in Sources */ = {isa = PBXBuildFile; fileRef = E28CF68517345BEB00646F0B /* BottomToTopSegue.m */; };
		E28EB04B16DBE65A00811FCA /* UIKit.framework in Frameworks */ = {isa = PBXBuildFile; fileRef = E28EB04A16DBE65A00811FCA /* UIKit.framework */; };
		E28EB04D16DBE65A00811FCA /* Foundation.framework in Frameworks */ = {isa = PBXBuildFile; fileRef = E28EB04C16DBE65A00811FCA /* Foundation.framework */; };
		E28EB04F16DBE65A00811FCA /* CoreGraphics.framework in Frameworks */ = {isa = PBXBuildFile; fileRef = E28EB04E16DBE65A00811FCA /* CoreGraphics.framework */; };
		E28EB05516DBE65A00811FCA /* InfoPlist.strings in Resources */ = {isa = PBXBuildFile; fileRef = E28EB05316DBE65A00811FCA /* InfoPlist.strings */; };
		E28EB05716DBE65A00811FCA /* main.m in Sources */ = {isa = PBXBuildFile; fileRef = E28EB05616DBE65A00811FCA /* main.m */; };
		E28EB05B16DBE65A00811FCA /* AppDelegate.m in Sources */ = {isa = PBXBuildFile; fileRef = E28EB05A16DBE65A00811FCA /* AppDelegate.m */; };
		E28EB05D16DBE65A00811FCA /* Default.png in Resources */ = {isa = PBXBuildFile; fileRef = E28EB05C16DBE65A00811FCA /* Default.png */; };
		E28EB05F16DBE65A00811FCA /* Default@2x.png in Resources */ = {isa = PBXBuildFile; fileRef = E28EB05E16DBE65A00811FCA /* Default@2x.png */; };
		E28EB06116DBE65A00811FCA /* Default-568h@2x.png in Resources */ = {isa = PBXBuildFile; fileRef = E28EB06016DBE65A00811FCA /* Default-568h@2x.png */; };
		E28EB06416DBE65A00811FCA /* MainStoryboard.storyboard in Resources */ = {isa = PBXBuildFile; fileRef = E28EB06216DBE65A00811FCA /* MainStoryboard.storyboard */; };
		E28EB06716DBE65A00811FCA /* ViewController.m in Sources */ = {isa = PBXBuildFile; fileRef = E28EB06616DBE65A00811FCA /* ViewController.m */; };
/* End PBXBuildFile section */

/* Begin PBXFileReference section */
		284815F2172DB1F900760128 /* RightToLeftSegue.h */ = {isa = PBXFileReference; fileEncoding = 4; lastKnownFileType = sourcecode.c.h; path = RightToLeftSegue.h; sourceTree = "<group>"; };
		284815F3172DB1F900760128 /* RightToLeftSegue.m */ = {isa = PBXFileReference; fileEncoding = 4; lastKnownFileType = sourcecode.c.objc; path = RightToLeftSegue.m; sourceTree = "<group>"; };
		284815F5172DB58700760128 /* QuartzCore.framework */ = {isa = PBXFileReference; lastKnownFileType = wrapper.framework; name = QuartzCore.framework; path = ../../../../../System/Library/Frameworks/QuartzCore.framework; sourceTree = "<group>"; };
		284815F7172DB5FF00760128 /* LeftToRightSegue.h */ = {isa = PBXFileReference; fileEncoding = 4; lastKnownFileType = sourcecode.c.h; path = LeftToRightSegue.h; sourceTree = "<group>"; };
		284815F8172DB5FF00760128 /* LeftToRightSegue.m */ = {isa = PBXFileReference; fileEncoding = 4; lastKnownFileType = sourcecode.c.objc; path = LeftToRightSegue.m; sourceTree = "<group>"; };
		284815FA172DC7FC00760128 /* Package.h */ = {isa = PBXFileReference; fileEncoding = 4; lastKnownFileType = sourcecode.c.h; path = Package.h; sourceTree = "<group>"; };
		284815FB172DC7FC00760128 /* Package.m */ = {isa = PBXFileReference; fileEncoding = 4; lastKnownFileType = sourcecode.c.objc; path = Package.m; sourceTree = "<group>"; };
		287AF08E1735B87B009C0A46 /* CakeViewController.h */ = {isa = PBXFileReference; fileEncoding = 4; lastKnownFileType = sourcecode.c.h; path = CakeViewController.h; sourceTree = "<group>"; };
		287AF08F1735B87B009C0A46 /* CakeViewController.m */ = {isa = PBXFileReference; fileEncoding = 4; lastKnownFileType = sourcecode.c.objc; path = CakeViewController.m; sourceTree = "<group>"; };
		287AF0911735FD7B009C0A46 /* AboutViewController.h */ = {isa = PBXFileReference; fileEncoding = 4; lastKnownFileType = sourcecode.c.h; path = AboutViewController.h; sourceTree = "<group>"; };
		287AF0921735FD7B009C0A46 /* AboutViewController.m */ = {isa = PBXFileReference; fileEncoding = 4; lastKnownFileType = sourcecode.c.objc; path = AboutViewController.m; sourceTree = "<group>"; };
		28EFE1E31739E95600198933 /* Icon.png */ = {isa = PBXFileReference; lastKnownFileType = image.png; path = Icon.png; sourceTree = "<group>"; };
		28FC678C172C34F8005332D0 /* customword.txt */ = {isa = PBXFileReference; fileEncoding = 4; lastKnownFileType = text; name = customword.txt; path = Resources/customword.txt; sourceTree = "<group>"; };
		28FC678D172C34F8005332D0 /* financedefinitions.txt */ = {isa = PBXFileReference; fileEncoding = 4; lastKnownFileType = text; name = financedefinitions.txt; path = Resources/financedefinitions.txt; sourceTree = "<group>"; };
		28FC678E172C34F8005332D0 /* financewords.txt */ = {isa = PBXFileReference; fileEncoding = 4; lastKnownFileType = text; name = financewords.txt; path = Resources/financewords.txt; sourceTree = "<group>"; };
		28FC678F172C34F8005332D0 /* hardwords.txt */ = {isa = PBXFileReference; fileEncoding = 4; lastKnownFileType = text; name = hardwords.txt; path = Resources/hardwords.txt; sourceTree = "<group>"; };
		28FC6790172C34F8005332D0 /* state0.png */ = {isa = PBXFileReference; lastKnownFileType = image.png; name = state0.png; path = Resources/state0.png; sourceTree = "<group>"; };
		28FC6791172C34F8005332D0 /* state1.png */ = {isa = PBXFileReference; lastKnownFileType = image.png; name = state1.png; path = Resources/state1.png; sourceTree = "<group>"; };
		28FC6792172C34F8005332D0 /* state2.png */ = {isa = PBXFileReference; lastKnownFileType = image.png; name = state2.png; path = Resources/state2.png; sourceTree = "<group>"; };
		28FC6793172C34F8005332D0 /* state3.png */ = {isa = PBXFileReference; lastKnownFileType = image.png; name = state3.png; path = Resources/state3.png; sourceTree = "<group>"; };
		28FC6794172C34F8005332D0 /* state4.png */ = {isa = PBXFileReference; lastKnownFileType = image.png; name = state4.png; path = Resources/state4.png; sourceTree = "<group>"; };
		28FC6795172C34F8005332D0 /* state5.png */ = {isa = PBXFileReference; lastKnownFileType = image.png; name = state5.png; path = Resources/state5.png; sourceTree = "<group>"; };
		28FC6796172C34F8005332D0 /* state6.png */ = {isa = PBXFileReference; lastKnownFileType = image.png; name = state6.png; path = Resources/state6.png; sourceTree = "<group>"; };
		28FC6797172C34F8005332D0 /* state7.png */ = {isa = PBXFileReference; lastKnownFileType = image.png; name = state7.png; path = Resources/state7.png; sourceTree = "<group>"; };
		28FC6798172C34F8005332D0 /* words.txt */ = {isa = PBXFileReference; fileEncoding = 4; lastKnownFileType = text; name = words.txt; path = Resources/words.txt; sourceTree = "<group>"; };
		28FC67A6172C3711005332D0 /* DefinitionViewController.h */ = {isa = PBXFileReference; fileEncoding = 4; lastKnownFileType = sourcecode.c.h; path = DefinitionViewController.h; sourceTree = "<group>"; };
		28FC67A7172C3711005332D0 /* DefinitionViewController.m */ = {isa = PBXFileReference; fileEncoding = 4; lastKnownFileType = sourcecode.c.objc; path = DefinitionViewController.m; sourceTree = "<group>"; };
		28FC67A9172C3ED2005332D0 /* SettingsViewController.h */ = {isa = PBXFileReference; fileEncoding = 4; lastKnownFileType = sourcecode.c.h; path = SettingsViewController.h; sourceTree = "<group>"; };
		28FC67AA172C3ED2005332D0 /* SettingsViewController.m */ = {isa = PBXFileReference; fileEncoding = 4; lastKnownFileType = sourcecode.c.objc; path = SettingsViewController.m; sourceTree = "<group>"; };
		E2035CC31738269200BF7CC4 /* edge.png */ = {isa = PBXFileReference; lastKnownFileType = image.png; name = edge.png; path = Resources/edge.png; sourceTree = "<group>"; };
		E28CF67E17345B5D00646F0B /* SecretStockViewController.h */ = {isa = PBXFileReference; fileEncoding = 4; lastKnownFileType = sourcecode.c.h; path = SecretStockViewController.h; sourceTree = "<group>"; };
		E28CF67F17345B5D00646F0B /* SecretStockViewController.m */ = {isa = PBXFileReference; fileEncoding = 4; lastKnownFileType = sourcecode.c.objc; path = SecretStockViewController.m; sourceTree = "<group>"; };
		E28CF68117345BE300646F0B /* TopToBottomSegue.h */ = {isa = PBXFileReference; fileEncoding = 4; lastKnownFileType = sourcecode.c.h; path = TopToBottomSegue.h; sourceTree = "<group>"; };
		E28CF68217345BE300646F0B /* TopToBottomSegue.m */ = {isa = PBXFileReference; fileEncoding = 4; lastKnownFileType = sourcecode.c.objc; path = TopToBottomSegue.m; sourceTree = "<group>"; };
		E28CF68417345BEB00646F0B /* BottomToTopSegue.h */ = {isa = PBXFileReference; fileEncoding = 4; lastKnownFileType = sourcecode.c.h; path = BottomToTopSegue.h; sourceTree = "<group>"; };
		E28CF68517345BEB00646F0B /* BottomToTopSegue.m */ = {isa = PBXFileReference; fileEncoding = 4; lastKnownFileType = sourcecode.c.objc; path = BottomToTopSegue.m; sourceTree = "<group>"; };
		E28EB04716DBE65A00811FCA /* Hangman.app */ = {isa = PBXFileReference; explicitFileType = wrapper.application; includeInIndex = 0; path = Hangman.app; sourceTree = BUILT_PRODUCTS_DIR; };
		E28EB04A16DBE65A00811FCA /* UIKit.framework */ = {isa = PBXFileReference; lastKnownFileType = wrapper.framework; name = UIKit.framework; path = System/Library/Frameworks/UIKit.framework; sourceTree = SDKROOT; };
		E28EB04C16DBE65A00811FCA /* Foundation.framework */ = {isa = PBXFileReference; lastKnownFileType = wrapper.framework; name = Foundation.framework; path = System/Library/Frameworks/Foundation.framework; sourceTree = SDKROOT; };
		E28EB04E16DBE65A00811FCA /* CoreGraphics.framework */ = {isa = PBXFileReference; lastKnownFileType = wrapper.framework; name = CoreGraphics.framework; path = System/Library/Frameworks/CoreGraphics.framework; sourceTree = SDKROOT; };
		E28EB05216DBE65A00811FCA /* Hangman-Info.plist */ = {isa = PBXFileReference; lastKnownFileType = text.plist.xml; path = "Hangman-Info.plist"; sourceTree = "<group>"; };
		E28EB05416DBE65A00811FCA /* en */ = {isa = PBXFileReference; lastKnownFileType = text.plist.strings; name = en; path = en.lproj/InfoPlist.strings; sourceTree = "<group>"; };
		E28EB05616DBE65A00811FCA /* main.m */ = {isa = PBXFileReference; lastKnownFileType = sourcecode.c.objc; path = main.m; sourceTree = "<group>"; };
		E28EB05816DBE65A00811FCA /* Hangman-Prefix.pch */ = {isa = PBXFileReference; lastKnownFileType = sourcecode.c.h; path = "Hangman-Prefix.pch"; sourceTree = "<group>"; };
		E28EB05916DBE65A00811FCA /* AppDelegate.h */ = {isa = PBXFileReference; lastKnownFileType = sourcecode.c.h; path = AppDelegate.h; sourceTree = "<group>"; };
		E28EB05A16DBE65A00811FCA /* AppDelegate.m */ = {isa = PBXFileReference; lastKnownFileType = sourcecode.c.objc; path = AppDelegate.m; sourceTree = "<group>"; };
		E28EB05C16DBE65A00811FCA /* Default.png */ = {isa = PBXFileReference; lastKnownFileType = image.png; path = Default.png; sourceTree = "<group>"; };
		E28EB05E16DBE65A00811FCA /* Default@2x.png */ = {isa = PBXFileReference; lastKnownFileType = image.png; path = "Default@2x.png"; sourceTree = "<group>"; };
		E28EB06016DBE65A00811FCA /* Default-568h@2x.png */ = {isa = PBXFileReference; lastKnownFileType = image.png; path = "Default-568h@2x.png"; sourceTree = "<group>"; };
		E28EB06316DBE65A00811FCA /* en */ = {isa = PBXFileReference; lastKnownFileType = file.storyboard; name = en; path = en.lproj/MainStoryboard.storyboard; sourceTree = "<group>"; };
		E28EB06516DBE65A00811FCA /* ViewController.h */ = {isa = PBXFileReference; lastKnownFileType = sourcecode.c.h; path = ViewController.h; sourceTree = "<group>"; };
		E28EB06616DBE65A00811FCA /* ViewController.m */ = {isa = PBXFileReference; lastKnownFileType = sourcecode.c.objc; path = ViewController.m; sourceTree = "<group>"; };
/* End PBXFileReference section */

/* Begin PBXFrameworksBuildPhase section */
		E28EB04416DBE65A00811FCA /* Frameworks */ = {
			isa = PBXFrameworksBuildPhase;
			buildActionMask = 2147483647;
			files = (
				E28EB04B16DBE65A00811FCA /* UIKit.framework in Frameworks */,
				E28EB04D16DBE65A00811FCA /* Foundation.framework in Frameworks */,
				E28EB04F16DBE65A00811FCA /* CoreGraphics.framework in Frameworks */,
				284815F6172DB58700760128 /* QuartzCore.framework in Frameworks */,
			);
			runOnlyForDeploymentPostprocessing = 0;
		};
/* End PBXFrameworksBuildPhase section */

/* Begin PBXGroup section */
		E28EB03E16DBE65A00811FCA = {
			isa = PBXGroup;
			children = (
				28EFE1E31739E95600198933 /* Icon.png */,
				E28EB05016DBE65A00811FCA /* Hangman */,
				E28EB06D16DBF11600811FCA /* Resources */,
				E28EB04916DBE65A00811FCA /* Frameworks */,
				E28EB04816DBE65A00811FCA /* Products */,
			);
			sourceTree = "<group>";
		};
		E28EB04816DBE65A00811FCA /* Products */ = {
			isa = PBXGroup;
			children = (
				E28EB04716DBE65A00811FCA /* Hangman.app */,
			);
			name = Products;
			sourceTree = "<group>";
		};
		E28EB04916DBE65A00811FCA /* Frameworks */ = {
			isa = PBXGroup;
			children = (
				284815F5172DB58700760128 /* QuartzCore.framework */,
				E28EB04A16DBE65A00811FCA /* UIKit.framework */,
				E28EB04C16DBE65A00811FCA /* Foundation.framework */,
				E28EB04E16DBE65A00811FCA /* CoreGraphics.framework */,
			);
			name = Frameworks;
			sourceTree = "<group>";
		};
		E28EB05016DBE65A00811FCA /* Hangman */ = {
			isa = PBXGroup;
			children = (
				E28EB05916DBE65A00811FCA /* AppDelegate.h */,
				E28EB05A16DBE65A00811FCA /* AppDelegate.m */,
				E28EB06216DBE65A00811FCA /* MainStoryboard.storyboard */,
				E28EB06516DBE65A00811FCA /* ViewController.h */,
				E28EB06616DBE65A00811FCA /* ViewController.m */,
				28FC67A6172C3711005332D0 /* DefinitionViewController.h */,
				28FC67A7172C3711005332D0 /* DefinitionViewController.m */,
				28FC67A9172C3ED2005332D0 /* SettingsViewController.h */,
				28FC67AA172C3ED2005332D0 /* SettingsViewController.m */,
				E28CF67E17345B5D00646F0B /* SecretStockViewController.h */,
				E28CF67F17345B5D00646F0B /* SecretStockViewController.m */,
				287AF08E1735B87B009C0A46 /* CakeViewController.h */,
				287AF08F1735B87B009C0A46 /* CakeViewController.m */,
				287AF0911735FD7B009C0A46 /* AboutViewController.h */,
				287AF0921735FD7B009C0A46 /* AboutViewController.m */,
				284815F2172DB1F900760128 /* RightToLeftSegue.h */,
				284815F3172DB1F900760128 /* RightToLeftSegue.m */,
				284815F7172DB5FF00760128 /* LeftToRightSegue.h */,
				284815F8172DB5FF00760128 /* LeftToRightSegue.m */,
				E28CF68117345BE300646F0B /* TopToBottomSegue.h */,
				E28CF68217345BE300646F0B /* TopToBottomSegue.m */,
				E28CF68417345BEB00646F0B /* BottomToTopSegue.h */,
				E28CF68517345BEB00646F0B /* BottomToTopSegue.m */,
				284815FA172DC7FC00760128 /* Package.h */,
				284815FB172DC7FC00760128 /* Package.m */,
				E28EB05116DBE65A00811FCA /* Supporting Files */,
			);
			path = Hangman;
			sourceTree = "<group>";
		};
		E28EB05116DBE65A00811FCA /* Supporting Files */ = {
			isa = PBXGroup;
			children = (
				E28EB05216DBE65A00811FCA /* Hangman-Info.plist */,
				E28EB05316DBE65A00811FCA /* InfoPlist.strings */,
				E28EB05616DBE65A00811FCA /* main.m */,
				E28EB05816DBE65A00811FCA /* Hangman-Prefix.pch */,
				E28EB05C16DBE65A00811FCA /* Default.png */,
				E28EB05E16DBE65A00811FCA /* Default@2x.png */,
				E28EB06016DBE65A00811FCA /* Default-568h@2x.png */,
			);
			name = "Supporting Files";
			sourceTree = "<group>";
		};
		E28EB06D16DBF11600811FCA /* Resources */ = {
			isa = PBXGroup;
			children = (
				28FC678E172C34F8005332D0 /* financewords.txt */,
				28FC6798172C34F8005332D0 /* words.txt */,
				28FC678F172C34F8005332D0 /* hardwords.txt */,
				28FC678C172C34F8005332D0 /* customword.txt */,
				28FC678D172C34F8005332D0 /* financedefinitions.txt */,
				28FC6790172C34F8005332D0 /* state0.png */,
				28FC6791172C34F8005332D0 /* state1.png */,
				28FC6792172C34F8005332D0 /* state2.png */,
				28FC6793172C34F8005332D0 /* state3.png */,
				28FC6794172C34F8005332D0 /* state4.png */,
				28FC6795172C34F8005332D0 /* state5.png */,
				28FC6796172C34F8005332D0 /* state6.png */,
				28FC6797172C34F8005332D0 /* state7.png */,
				E2035CC31738269200BF7CC4 /* edge.png */,
			);
			name = Resources;
			sourceTree = "<group>";
		};
/* End PBXGroup section */

/* Begin PBXNativeTarget section */
		E28EB04616DBE65A00811FCA /* Hangman */ = {
			isa = PBXNativeTarget;
			buildConfigurationList = E28EB06A16DBE65A00811FCA /* Build configuration list for PBXNativeTarget "Hangman" */;
			buildPhases = (
				E28EB04316DBE65A00811FCA /* Sources */,
				E28EB04416DBE65A00811FCA /* Frameworks */,
				E28EB04516DBE65A00811FCA /* Resources */,
			);
			buildRules = (
			);
			dependencies = (
			);
			name = Hangman;
			productName = Hangman;
			productReference = E28EB04716DBE65A00811FCA /* Hangman.app */;
			productType = "com.apple.product-type.application";
		};
/* End PBXNativeTarget section */

/* Begin PBXProject section */
		E28EB03F16DBE65A00811FCA /* Project object */ = {
			isa = PBXProject;
			attributes = {
				LastUpgradeCheck = 0460;
				ORGANIZATIONNAME = Raxod502;
			};
			buildConfigurationList = E28EB04216DBE65A00811FCA /* Build configuration list for PBXProject "Hangman" */;
			compatibilityVersion = "Xcode 3.2";
			developmentRegion = English;
			hasScannedForEncodings = 0;
			knownRegions = (
				en,
			);
			mainGroup = E28EB03E16DBE65A00811FCA;
			productRefGroup = E28EB04816DBE65A00811FCA /* Products */;
			projectDirPath = "";
			projectRoot = "";
			targets = (
				E28EB04616DBE65A00811FCA /* Hangman */,
			);
		};
/* End PBXProject section */

/* Begin PBXResourcesBuildPhase section */
		E28EB04516DBE65A00811FCA /* Resources */ = {
			isa = PBXResourcesBuildPhase;
			buildActionMask = 2147483647;
			files = (
				E28EB05516DBE65A00811FCA /* InfoPlist.strings in Resources */,
				E28EB05D16DBE65A00811FCA /* Default.png in Resources */,
				E28EB05F16DBE65A00811FCA /* Default@2x.png in Resources */,
				E28EB06116DBE65A00811FCA /* Default-568h@2x.png in Resources */,
				E28EB06416DBE65A00811FCA /* MainStoryboard.storyboard in Resources */,
				28FC6799172C34F8005332D0 /* customword.txt in Resources */,
				28FC679A172C34F8005332D0 /* financedefinitions.txt in Resources */,
				28FC679B172C34F8005332D0 /* financewords.txt in Resources */,
				28FC679C172C34F8005332D0 /* hardwords.txt in Resources */,
				28FC679D172C34F8005332D0 /* state0.png in Resources */,
				28FC679E172C34F8005332D0 /* state1.png in Resources */,
				28FC679F172C34F8005332D0 /* state2.png in Resources */,
				28FC67A0172C34F8005332D0 /* state3.png in Resources */,
				28FC67A1172C34F8005332D0 /* state4.png in Resources */,
				28FC67A2172C34F8005332D0 /* state5.png in Resources */,
				28FC67A3172C34F8005332D0 /* state6.png in Resources */,
				28FC67A4172C34F8005332D0 /* state7.png in Resources */,
				28FC67A5172C34F8005332D0 /* words.txt in Resources */,
				E2035CC41738269200BF7CC4 /* edge.png in Resources */,
				28EFE1E41739E95600198933 /* Icon.png in Resources */,
			);
			runOnlyForDeploymentPostprocessing = 0;
		};
/* End PBXResourcesBuildPhase section */

/* Begin PBXSourcesBuildPhase section */
		E28EB04316DBE65A00811FCA /* Sources */ = {
			isa = PBXSourcesBuildPhase;
			buildActionMask = 2147483647;
			files = (
				E28EB05716DBE65A00811FCA /* main.m in Sources */,
				E28EB05B16DBE65A00811FCA /* AppDelegate.m in Sources */,
				E28EB06716DBE65A00811FCA /* ViewController.m in Sources */,
				28FC67A8172C3711005332D0 /* DefinitionViewController.m in Sources */,
				28FC67AB172C3ED2005332D0 /* SettingsViewController.m in Sources */,
				284815F4172DB1F900760128 /* RightToLeftSegue.m in Sources */,
				284815F9172DB5FF00760128 /* LeftToRightSegue.m in Sources */,
				284815FC172DC7FC00760128 /* Package.m in Sources */,
				E28CF68017345B5D00646F0B /* SecretStockViewController.m in Sources */,
				E28CF68317345BE300646F0B /* TopToBottomSegue.m in Sources */,
				E28CF68617345BEB00646F0B /* BottomToTopSegue.m in Sources */,
				287AF0901735B87B009C0A46 /* CakeViewController.m in Sources */,
				287AF0931735FD7C009C0A46 /* AboutViewController.m in Sources */,
			);
			runOnlyForDeploymentPostprocessing = 0;
		};
/* End PBXSourcesBuildPhase section */

/* Begin PBXVariantGroup section */
		E28EB05316DBE65A00811FCA /* InfoPlist.strings */ = {
			isa = PBXVariantGroup;
			children = (
				E28EB05416DBE65A00811FCA /* en */,
			);
			name = InfoPlist.strings;
			sourceTree = "<group>";
		};
		E28EB06216DBE65A00811FCA /* MainStoryboard.storyboard */ = {
			isa = PBXVariantGroup;
			children = (
				E28EB06316DBE65A00811FCA /* en */,
			);
			name = MainStoryboard.storyboard;
			sourceTree = "<group>";
		};
/* End PBXVariantGroup section */

/* Begin XCBuildConfiguration section */
		E28EB06816DBE65A00811FCA /* Debug */ = {
			isa = XCBuildConfiguration;
			buildSettings = {
				ALWAYS_SEARCH_USER_PATHS = NO;
				CLANG_CXX_LANGUAGE_STANDARD = "gnu++0x";
				CLANG_CXX_LIBRARY = "libc++";
				CLANG_ENABLE_OBJC_ARC = YES;
				CLANG_WARN_CONSTANT_CONVERSION = YES;
				CLANG_WARN_EMPTY_BODY = YES;
				CLANG_WARN_ENUM_CONVERSION = YES;
				CLANG_WARN_INT_CONVERSION = YES;
				CLANG_WARN__DUPLICATE_METHOD_MATCH = YES;
				"CODE_SIGN_IDENTITY[sdk=iphoneos*]" = "iPhone Developer";
				COPY_PHASE_STRIP = NO;
				GCC_C_LANGUAGE_STANDARD = gnu99;
				GCC_DYNAMIC_NO_PIC = NO;
				GCC_OPTIMIZATION_LEVEL = 0;
				GCC_PREPROCESSOR_DEFINITIONS = (
					"DEBUG=1",
					"$(inherited)",
				);
				GCC_SYMBOLS_PRIVATE_EXTERN = NO;
				GCC_WARN_ABOUT_RETURN_TYPE = YES;
				GCC_WARN_UNINITIALIZED_AUTOS = YES;
				GCC_WARN_UNUSED_VARIABLE = YES;
				IPHONEOS_DEPLOYMENT_TARGET = 6.1;
				ONLY_ACTIVE_ARCH = YES;
				SDKROOT = iphoneos;
			};
			name = Debug;
		};
		E28EB06916DBE65A00811FCA /* Release */ = {
			isa = XCBuildConfiguration;
			buildSettings = {
				ALWAYS_SEARCH_USER_PATHS = NO;
				CLANG_CXX_LANGUAGE_STANDARD = "gnu++0x";
				CLANG_CXX_LIBRARY = "libc++";
				CLANG_ENABLE_OBJC_ARC = YES;
				CLANG_WARN_CONSTANT_CONVERSION = YES;
				CLANG_WARN_EMPTY_BODY = YES;
				CLANG_WARN_ENUM_CONVERSION = YES;
				CLANG_WARN_INT_CONVERSION = YES;
				CLANG_WARN__DUPLICATE_METHOD_MATCH = YES;
				"CODE_SIGN_IDENTITY[sdk=iphoneos*]" = "iPhone Developer";
				COPY_PHASE_STRIP = YES;
				GCC_C_LANGUAGE_STANDARD = gnu99;
				GCC_WARN_ABOUT_RETURN_TYPE = YES;
				GCC_WARN_UNINITIALIZED_AUTOS = YES;
				GCC_WARN_UNUSED_VARIABLE = YES;
				IPHONEOS_DEPLOYMENT_TARGET = 6.1;
				OTHER_CFLAGS = "-DNS_BLOCK_ASSERTIONS=1";
				SDKROOT = iphoneos;
				VALIDATE_PRODUCT = YES;
			};
			name = Release;
		};
		E28EB06B16DBE65A00811FCA /* Debug */ = {
			isa = XCBuildConfiguration;
			buildSettings = {
				GCC_PRECOMPILE_PREFIX_HEADER = YES;
				GCC_PREFIX_HEADER = "Hangman/Hangman-Prefix.pch";
				INFOPLIST_FILE = "Hangman/Hangman-Info.plist";
				PRODUCT_NAME = "$(TARGET_NAME)";
				WRAPPER_EXTENSION = app;
			};
			name = Debug;
		};
		E28EB06C16DBE65A00811FCA /* Release */ = {
			isa = XCBuildConfiguration;
			buildSettings = {
				GCC_PRECOMPILE_PREFIX_HEADER = YES;
				GCC_PREFIX_HEADER = "Hangman/Hangman-Prefix.pch";
				INFOPLIST_FILE = "Hangman/Hangman-Info.plist";
				PRODUCT_NAME = "$(TARGET_NAME)";
				WRAPPER_EXTENSION = app;
			};
			name = Release;
		};
/* End XCBuildConfiguration section */

/* Begin XCConfigurationList section */
		E28EB04216DBE65A00811FCA /* Build configuration list for PBXProject "Hangman" */ = {
			isa = XCConfigurationList;
			buildConfigurations = (
				E28EB06816DBE65A00811FCA /* Debug */,
				E28EB06916DBE65A00811FCA /* Release */,
			);
			defaultConfigurationIsVisible = 0;
			defaultConfigurationName = Release;
		};
		E28EB06A16DBE65A00811FCA /* Build configuration list for PBXNativeTarget "Hangman" */ = {
			isa = XCConfigurationList;
			buildConfigurations = (
				E28EB06B16DBE65A00811FCA /* Debug */,
				E28EB06C16DBE65A00811FCA /* Release */,
			);
			defaultConfigurationIsVisible = 0;
			defaultConfigurationName = Release;
		};
/* End XCConfigurationList section */
	};
	rootObject = E28EB03F16DBE65A00811FCA /* Project object */;
}
